// !$*UTF8*$!
{
	archiveVersion = 1;
	classes = {
	};
	objectVersion = 56;
	objects = {

/* Begin PBXBuildFile section */
		F20BF9FD2CF898CA001F1F52 /* main.cpp in Sources */ = {isa = PBXBuildFile; fileRef = F20BF9FC2CF898CA001F1F52 /* main.cpp */; };
		F20BFA042CF89ED4001F1F52 /* Granulation.cpp in Sources */ = {isa = PBXBuildFile; fileRef = F20BFA012CF89ED4001F1F52 /* Granulation.cpp */; };
		F20BFA102CF89EEF001F1F52 /* RingModulator.cpp in Sources */ = {isa = PBXBuildFile; fileRef = F20BFA062CF89EEF001F1F52 /* RingModulator.cpp */; };
		F20BFA112CF89EEF001F1F52 /* SampleRateConverter.cpp in Sources */ = {isa = PBXBuildFile; fileRef = F20BFA082CF89EEF001F1F52 /* SampleRateConverter.cpp */; };
		F20BFA122CF89EEF001F1F52 /* Reverberation.cpp in Sources */ = {isa = PBXBuildFile; fileRef = F20BFA0B2CF89EEF001F1F52 /* Reverberation.cpp */; };
		F20BFA132CF89EEF001F1F52 /* ReverbModules.cpp in Sources */ = {isa = PBXBuildFile; fileRef = F20BFA0D2CF89EEF001F1F52 /* ReverbModules.cpp */; };
		F2DBE1112C616A63003BC775 /* Helpers.cpp in Sources */ = {isa = PBXBuildFile; fileRef = F2DBE0FA2C616A62003BC775 /* Helpers.cpp */; };
		F2DBE1122C616A63003BC775 /* Engine.cpp in Sources */ = {isa = PBXBuildFile; fileRef = F2DBE1002C616A62003BC775 /* Engine.cpp */; };
		F2DBE1132C616A63003BC775 /* EffectProcessor.cpp in Sources */ = {isa = PBXBuildFile; fileRef = F2DBE1012C616A62003BC775 /* EffectProcessor.cpp */; };
		F2DBE1142C616A63003BC775 /* Menu.cpp in Sources */ = {isa = PBXBuildFile; fileRef = F2DBE1022C616A62003BC775 /* Menu.cpp */; };
		F2DBE1152C616A63003BC775 /* render.cpp in Sources */ = {isa = PBXBuildFile; fileRef = F2DBE1032C616A62003BC775 /* render.cpp */; };
		F2DBE1162C616A63003BC775 /* Parameters.cpp in Sources */ = {isa = PBXBuildFile; fileRef = F2DBE1052C616A62003BC775 /* Parameters.cpp */; };
		F2DBE1182C616A63003BC775 /* Outputs.cpp in Sources */ = {isa = PBXBuildFile; fileRef = F2DBE10B2C616A62003BC775 /* Outputs.cpp */; };
		F2DBE1192C616A63003BC775 /* UIElements.cpp in Sources */ = {isa = PBXBuildFile; fileRef = F2DBE10E2C616A62003BC775 /* UIElements.cpp */; };
		F2EC80F62CFED75500D359D3 /* BitCrusher.cpp in Sources */ = {isa = PBXBuildFile; fileRef = F2EC80F52CFED75500D359D3 /* BitCrusher.cpp */; };
/* End PBXBuildFile section */

/* Begin PBXCopyFilesBuildPhase section */
		F2DBE0EC2C616934003BC775 /* CopyFiles */ = {
			isa = PBXCopyFilesBuildPhase;
			buildActionMask = 2147483647;
			dstPath = /usr/share/man/man1/;
			dstSubfolderSpec = 0;
			files = (
			);
			runOnlyForDeploymentPostprocessing = 1;
		};
/* End PBXCopyFilesBuildPhase section */

/* Begin PBXFileReference section */
		F20BF9FC2CF898CA001F1F52 /* main.cpp */ = {isa = PBXFileReference; fileEncoding = 4; lastKnownFileType = sourcecode.cpp.cpp; name = main.cpp; path = GrainMotherXcode/main.cpp; sourceTree = "<group>"; };
		F20BFA002CF89B9A001F1F52 /* Wavetables.h */ = {isa = PBXFileReference; fileEncoding = 4; lastKnownFileType = sourcecode.c.h; name = Wavetables.h; path = ../GrainMother/Wavetables.h; sourceTree = "<group>"; };
		F20BFA012CF89ED4001F1F52 /* Granulation.cpp */ = {isa = PBXFileReference; fileEncoding = 4; lastKnownFileType = sourcecode.cpp.cpp; path = Granulation.cpp; sourceTree = "<group>"; };
		F20BFA022CF89ED4001F1F52 /* Granulation.h */ = {isa = PBXFileReference; fileEncoding = 4; lastKnownFileType = sourcecode.c.h; path = Granulation.h; sourceTree = "<group>"; };
		F20BFA052CF89EEF001F1F52 /* BitCrusher.h */ = {isa = PBXFileReference; fileEncoding = 4; lastKnownFileType = sourcecode.c.h; path = BitCrusher.h; sourceTree = "<group>"; };
		F20BFA062CF89EEF001F1F52 /* RingModulator.cpp */ = {isa = PBXFileReference; fileEncoding = 4; lastKnownFileType = sourcecode.cpp.cpp; path = RingModulator.cpp; sourceTree = "<group>"; };
		F20BFA072CF89EEF001F1F52 /* RingModulator.h */ = {isa = PBXFileReference; fileEncoding = 4; lastKnownFileType = sourcecode.c.h; path = RingModulator.h; sourceTree = "<group>"; };
		F20BFA082CF89EEF001F1F52 /* SampleRateConverter.cpp */ = {isa = PBXFileReference; fileEncoding = 4; lastKnownFileType = sourcecode.cpp.cpp; path = SampleRateConverter.cpp; sourceTree = "<group>"; };
		F20BFA092CF89EEF001F1F52 /* SampleRateConverter.h */ = {isa = PBXFileReference; fileEncoding = 4; lastKnownFileType = sourcecode.c.h; path = SampleRateConverter.h; sourceTree = "<group>"; };
		F20BFA0B2CF89EEF001F1F52 /* Reverberation.cpp */ = {isa = PBXFileReference; fileEncoding = 4; lastKnownFileType = sourcecode.cpp.cpp; path = Reverberation.cpp; sourceTree = "<group>"; };
		F20BFA0C2CF89EEF001F1F52 /* Reverberation.h */ = {isa = PBXFileReference; fileEncoding = 4; lastKnownFileType = sourcecode.c.h; path = Reverberation.h; sourceTree = "<group>"; };
		F20BFA0D2CF89EEF001F1F52 /* ReverbModules.cpp */ = {isa = PBXFileReference; fileEncoding = 4; lastKnownFileType = sourcecode.cpp.cpp; path = ReverbModules.cpp; sourceTree = "<group>"; };
		F20BFA0E2CF89EEF001F1F52 /* ReverbModules.h */ = {isa = PBXFileReference; fileEncoding = 4; lastKnownFileType = sourcecode.c.h; path = ReverbModules.h; sourceTree = "<group>"; };
		F237CC7A2C61F46A00DC6107 /* ConstantVariables.h */ = {isa = PBXFileReference; lastKnownFileType = sourcecode.c.h; name = ConstantVariables.h; path = ../GrainMother/ConstantVariables.h; sourceTree = "<group>"; };
		F2DBE0F92C616A62003BC775 /* Functions.h */ = {isa = PBXFileReference; fileEncoding = 4; lastKnownFileType = sourcecode.c.h; name = Functions.h; path = ../GrainMother/Functions.h; sourceTree = "<group>"; };
		F2DBE0FA2C616A62003BC775 /* Helpers.cpp */ = {isa = PBXFileReference; fileEncoding = 4; lastKnownFileType = sourcecode.cpp.cpp; name = Helpers.cpp; path = ../GrainMother/Helpers.cpp; sourceTree = "<group>"; };
		F2DBE0FB2C616A62003BC775 /* globals.json */ = {isa = PBXFileReference; fileEncoding = 4; lastKnownFileType = text.json; name = globals.json; path = ../GrainMother/globals.json; sourceTree = "<group>"; };
		F2DBE0FC2C616A62003BC775 /* UIElements.hpp */ = {isa = PBXFileReference; fileEncoding = 4; lastKnownFileType = sourcecode.cpp.h; name = UIElements.hpp; path = ../GrainMother/UIElements.hpp; sourceTree = "<group>"; };
		F2DBE0FD2C616A62003BC775 /* Menu.hpp */ = {isa = PBXFileReference; fileEncoding = 4; lastKnownFileType = sourcecode.cpp.h; name = Menu.hpp; path = ../GrainMother/Menu.hpp; sourceTree = "<group>"; };
		F2DBE0FF2C616A62003BC775 /* Outputs.hpp */ = {isa = PBXFileReference; fileEncoding = 4; lastKnownFileType = sourcecode.cpp.h; name = Outputs.hpp; path = ../GrainMother/Outputs.hpp; sourceTree = "<group>"; };
		F2DBE1002C616A62003BC775 /* Engine.cpp */ = {isa = PBXFileReference; fileEncoding = 4; lastKnownFileType = sourcecode.cpp.cpp; name = Engine.cpp; path = ../GrainMother/Engine.cpp; sourceTree = "<group>"; };
		F2DBE1012C616A62003BC775 /* EffectProcessor.cpp */ = {isa = PBXFileReference; fileEncoding = 4; lastKnownFileType = sourcecode.cpp.cpp; name = EffectProcessor.cpp; path = /Users/julianfuchs/Dropbox/BelaProjects/GrainMother/GrainMother/EffectProcessor.cpp; sourceTree = "<absolute>"; };
		F2DBE1022C616A62003BC775 /* Menu.cpp */ = {isa = PBXFileReference; fileEncoding = 4; lastKnownFileType = sourcecode.cpp.cpp; name = Menu.cpp; path = ../GrainMother/Menu.cpp; sourceTree = "<group>"; };
		F2DBE1032C616A62003BC775 /* render.cpp */ = {isa = PBXFileReference; fileEncoding = 4; lastKnownFileType = sourcecode.cpp.cpp; name = render.cpp; path = ../GrainMother/render.cpp; sourceTree = "<group>"; };
		F2DBE1042C616A62003BC775 /* json.h */ = {isa = PBXFileReference; fileEncoding = 4; lastKnownFileType = sourcecode.c.h; name = json.h; path = ../GrainMother/json.h; sourceTree = "<group>"; };
		F2DBE1052C616A62003BC775 /* Parameters.cpp */ = {isa = PBXFileReference; fileEncoding = 4; lastKnownFileType = sourcecode.cpp.cpp; name = Parameters.cpp; path = ../GrainMother/Parameters.cpp; sourceTree = "<group>"; };
		F2DBE1062C616A62003BC775 /* Parameters.hpp */ = {isa = PBXFileReference; fileEncoding = 4; lastKnownFileType = sourcecode.cpp.h; name = Parameters.hpp; path = ../GrainMother/Parameters.hpp; sourceTree = "<group>"; };
		F2DBE1072C616A62003BC775 /* Helpers.hpp */ = {isa = PBXFileReference; fileEncoding = 4; lastKnownFileType = sourcecode.cpp.h; name = Helpers.hpp; path = ../GrainMother/Helpers.hpp; sourceTree = "<group>"; };
		F2DBE10B2C616A62003BC775 /* Outputs.cpp */ = {isa = PBXFileReference; fileEncoding = 4; lastKnownFileType = sourcecode.cpp.cpp; name = Outputs.cpp; path = ../GrainMother/Outputs.cpp; sourceTree = "<group>"; };
		F2DBE10C2C616A62003BC775 /* BelaVariables.h */ = {isa = PBXFileReference; fileEncoding = 4; lastKnownFileType = sourcecode.c.h; name = BelaVariables.h; path = ../GrainMother/BelaVariables.h; sourceTree = "<group>"; };
		F2DBE10D2C616A62003BC775 /* presets.json */ = {isa = PBXFileReference; fileEncoding = 4; lastKnownFileType = text.json; name = presets.json; path = ../GrainMother/presets.json; sourceTree = "<group>"; };
		F2DBE10E2C616A62003BC775 /* UIElements.cpp */ = {isa = PBXFileReference; fileEncoding = 4; lastKnownFileType = sourcecode.cpp.cpp; name = UIElements.cpp; path = ../GrainMother/UIElements.cpp; sourceTree = "<group>"; };
		F2DBE10F2C616A62003BC775 /* Engine.h */ = {isa = PBXFileReference; fileEncoding = 4; lastKnownFileType = sourcecode.c.h; name = Engine.h; path = ../GrainMother/Engine.h; sourceTree = "<group>"; };
		F2DBE1102C616A62003BC775 /* EffectProcessor.hpp */ = {isa = PBXFileReference; fileEncoding = 4; lastKnownFileType = sourcecode.cpp.h; name = EffectProcessor.hpp; path = ../GrainMother/EffectProcessor.hpp; sourceTree = "<group>"; };
		F2EC80F42CFED31C00D359D3 /* GrainMotherXcode */ = {isa = PBXFileReference; explicitFileType = "compiled.mach-o.executable"; includeInIndex = 0; path = GrainMotherXcode; sourceTree = BUILT_PRODUCTS_DIR; };
		F2EC80F52CFED75500D359D3 /* BitCrusher.cpp */ = {isa = PBXFileReference; lastKnownFileType = sourcecode.cpp.cpp; path = BitCrusher.cpp; sourceTree = "<group>"; };
		F2F0FB682C6F0DA700A74CFD /* EngineVariables.h */ = {isa = PBXFileReference; lastKnownFileType = sourcecode.c.h; name = EngineVariables.h; path = ../GrainMother/EngineVariables.h; sourceTree = "<group>"; };
/* End PBXFileReference section */

/* Begin PBXFrameworksBuildPhase section */
		F2DBE0EB2C616934003BC775 /* Frameworks */ = {
			isa = PBXFrameworksBuildPhase;
			buildActionMask = 2147483647;
			files = (
			);
			runOnlyForDeploymentPostprocessing = 0;
		};
/* End PBXFrameworksBuildPhase section */

/* Begin PBXGroup section */
		F20BFA032CF89ED4001F1F52 /* Granulation */ = {
			isa = PBXGroup;
			children = (
				F20BFA012CF89ED4001F1F52 /* Granulation.cpp */,
				F20BFA022CF89ED4001F1F52 /* Granulation.h */,
			);
			name = Granulation;
			path = ../GrainMother/Granulation;
			sourceTree = "<group>";
		};
		F20BFA0A2CF89EEF001F1F52 /* RingModulation */ = {
			isa = PBXGroup;
			children = (
				F20BFA052CF89EEF001F1F52 /* BitCrusher.h */,
				F20BFA062CF89EEF001F1F52 /* RingModulator.cpp */,
				F20BFA072CF89EEF001F1F52 /* RingModulator.h */,
				F2EC80F52CFED75500D359D3 /* BitCrusher.cpp */,
				F20BFA082CF89EEF001F1F52 /* SampleRateConverter.cpp */,
				F20BFA092CF89EEF001F1F52 /* SampleRateConverter.h */,
			);
			name = RingModulation;
			path = ../GrainMother/RingModulation;
			sourceTree = "<group>";
		};
		F20BFA0F2CF89EEF001F1F52 /* Reverberation */ = {
			isa = PBXGroup;
			children = (
				F20BFA0B2CF89EEF001F1F52 /* Reverberation.cpp */,
				F20BFA0C2CF89EEF001F1F52 /* Reverberation.h */,
				F20BFA0D2CF89EEF001F1F52 /* ReverbModules.cpp */,
				F20BFA0E2CF89EEF001F1F52 /* ReverbModules.h */,
			);
			name = Reverberation;
			path = ../GrainMother/Reverberation;
			sourceTree = "<group>";
		};
		F2DBE0E52C616934003BC775 = {
			isa = PBXGroup;
			children = (
				F2DBE1012C616A62003BC775 /* EffectProcessor.cpp */,
				F2DBE1002C616A62003BC775 /* Engine.cpp */,
				F2DBE0FA2C616A62003BC775 /* Helpers.cpp */,
				F20BF9FC2CF898CA001F1F52 /* main.cpp */,
				F2DBE1022C616A62003BC775 /* Menu.cpp */,
				F2DBE10B2C616A62003BC775 /* Outputs.cpp */,
				F2DBE1052C616A62003BC775 /* Parameters.cpp */,
				F2DBE1032C616A62003BC775 /* render.cpp */,
				F2DBE10E2C616A62003BC775 /* UIElements.cpp */,
				F2DBE10C2C616A62003BC775 /* BelaVariables.h */,
				F237CC7A2C61F46A00DC6107 /* ConstantVariables.h */,
				F2DBE10F2C616A62003BC775 /* Engine.h */,
				F2F0FB682C6F0DA700A74CFD /* EngineVariables.h */,
				F2DBE0F92C616A62003BC775 /* Functions.h */,
				F2DBE1042C616A62003BC775 /* json.h */,
				F20BFA002CF89B9A001F1F52 /* Wavetables.h */,
				F2DBE1102C616A62003BC775 /* EffectProcessor.hpp */,
				F2DBE1072C616A62003BC775 /* Helpers.hpp */,
				F2DBE0FD2C616A62003BC775 /* Menu.hpp */,
				F2DBE0FF2C616A62003BC775 /* Outputs.hpp */,
				F2DBE1062C616A62003BC775 /* Parameters.hpp */,
				F2DBE0FC2C616A62003BC775 /* UIElements.hpp */,
				F2DBE0FB2C616A62003BC775 /* globals.json */,
				F2DBE10D2C616A62003BC775 /* presets.json */,
				F20BFA032CF89ED4001F1F52 /* Granulation */,
				F20BFA0F2CF89EEF001F1F52 /* Reverberation */,
				F20BFA0A2CF89EEF001F1F52 /* RingModulation */,
				F2EC80F42CFED31C00D359D3 /* GrainMotherXcode */,
			);
			sourceTree = "<group>";
		};
/* End PBXGroup section */

/* Begin PBXNativeTarget section */
		F2DBE0ED2C616934003BC775 /* GrainMotherXcode */ = {
			isa = PBXNativeTarget;
			buildConfigurationList = F2DBE0F52C616934003BC775 /* Build configuration list for PBXNativeTarget "GrainMotherXcode" */;
			buildPhases = (
				F2DBE0EA2C616934003BC775 /* Sources */,
				F2DBE0EB2C616934003BC775 /* Frameworks */,
				F2DBE0EC2C616934003BC775 /* CopyFiles */,
			);
			buildRules = (
			);
			dependencies = (
			);
			name = GrainMotherXcode;
			productName = GrainMotherXcode;
			productReference = F2EC80F42CFED31C00D359D3 /* GrainMotherXcode */;
			productType = "com.apple.product-type.tool";
		};
/* End PBXNativeTarget section */

/* Begin PBXProject section */
		F2DBE0E62C616934003BC775 /* Project object */ = {
			isa = PBXProject;
			attributes = {
				BuildIndependentTargetsInParallel = 1;
				LastUpgradeCheck = 1540;
				TargetAttributes = {
					F2DBE0ED2C616934003BC775 = {
						CreatedOnToolsVersion = 15.4;
					};
				};
			};
			buildConfigurationList = F2DBE0E92C616934003BC775 /* Build configuration list for PBXProject "GrainMotherXcode" */;
			compatibilityVersion = "Xcode 14.0";
			developmentRegion = en;
			hasScannedForEncodings = 0;
			knownRegions = (
				en,
				Base,
			);
			mainGroup = F2DBE0E52C616934003BC775;
			productRefGroup = F2DBE0E52C616934003BC775;
			projectDirPath = "";
			projectRoot = "";
			targets = (
				F2DBE0ED2C616934003BC775 /* GrainMotherXcode */,
			);
		};
/* End PBXProject section */

/* Begin PBXSourcesBuildPhase section */
		F2DBE0EA2C616934003BC775 /* Sources */ = {
			isa = PBXSourcesBuildPhase;
			buildActionMask = 2147483647;
			files = (
				F20BFA112CF89EEF001F1F52 /* SampleRateConverter.cpp in Sources */,
				F20BFA042CF89ED4001F1F52 /* Granulation.cpp in Sources */,
				F2DBE1132C616A63003BC775 /* EffectProcessor.cpp in Sources */,
				F2DBE1192C616A63003BC775 /* UIElements.cpp in Sources */,
				F2DBE1122C616A63003BC775 /* Engine.cpp in Sources */,
				F2DBE1152C616A63003BC775 /* render.cpp in Sources */,
				F20BFA122CF89EEF001F1F52 /* Reverberation.cpp in Sources */,
				F20BFA102CF89EEF001F1F52 /* RingModulator.cpp in Sources */,
				F2DBE1142C616A63003BC775 /* Menu.cpp in Sources */,
				F2DBE1112C616A63003BC775 /* Helpers.cpp in Sources */,
				F2EC80F62CFED75500D359D3 /* BitCrusher.cpp in Sources */,
				F20BFA132CF89EEF001F1F52 /* ReverbModules.cpp in Sources */,
				F2DBE1162C616A63003BC775 /* Parameters.cpp in Sources */,
				F2DBE1182C616A63003BC775 /* Outputs.cpp in Sources */,
				F20BF9FD2CF898CA001F1F52 /* main.cpp in Sources */,
			);
			runOnlyForDeploymentPostprocessing = 0;
		};
/* End PBXSourcesBuildPhase section */

/* Begin XCBuildConfiguration section */
		F2DBE0F32C616934003BC775 /* Debug */ = {
			isa = XCBuildConfiguration;
			buildSettings = {
				ALWAYS_SEARCH_USER_PATHS = NO;
				ASSETCATALOG_COMPILER_GENERATE_SWIFT_ASSET_SYMBOL_EXTENSIONS = YES;
				CLANG_ANALYZER_NONNULL = YES;
				CLANG_ANALYZER_NUMBER_OBJECT_CONVERSION = YES_AGGRESSIVE;
				CLANG_CXX_LANGUAGE_STANDARD = "gnu++20";
				CLANG_ENABLE_MODULES = YES;
				CLANG_ENABLE_OBJC_ARC = YES;
				CLANG_ENABLE_OBJC_WEAK = YES;
				CLANG_WARN_BLOCK_CAPTURE_AUTORELEASING = YES;
				CLANG_WARN_BOOL_CONVERSION = YES;
				CLANG_WARN_COMMA = YES;
				CLANG_WARN_CONSTANT_CONVERSION = YES;
				CLANG_WARN_DEPRECATED_OBJC_IMPLEMENTATIONS = YES;
				CLANG_WARN_DIRECT_OBJC_ISA_USAGE = YES_ERROR;
				CLANG_WARN_DOCUMENTATION_COMMENTS = YES;
				CLANG_WARN_EMPTY_BODY = YES;
				CLANG_WARN_ENUM_CONVERSION = YES;
				CLANG_WARN_INFINITE_RECURSION = YES;
				CLANG_WARN_INT_CONVERSION = YES;
				CLANG_WARN_NON_LITERAL_NULL_CONVERSION = YES;
				CLANG_WARN_OBJC_IMPLICIT_RETAIN_SELF = YES;
				CLANG_WARN_OBJC_LITERAL_CONVERSION = YES;
				CLANG_WARN_OBJC_ROOT_CLASS = YES_ERROR;
				CLANG_WARN_QUOTED_INCLUDE_IN_FRAMEWORK_HEADER = YES;
				CLANG_WARN_RANGE_LOOP_ANALYSIS = YES;
				CLANG_WARN_STRICT_PROTOTYPES = YES;
				CLANG_WARN_SUSPICIOUS_MOVE = YES;
				CLANG_WARN_UNGUARDED_AVAILABILITY = YES_AGGRESSIVE;
				CLANG_WARN_UNREACHABLE_CODE = YES;
				CLANG_WARN__DUPLICATE_METHOD_MATCH = YES;
				COPY_PHASE_STRIP = NO;
				DEBUG_INFORMATION_FORMAT = dwarf;
				ENABLE_STRICT_OBJC_MSGSEND = YES;
				ENABLE_TESTABILITY = YES;
				ENABLE_USER_SCRIPT_SANDBOXING = YES;
				GCC_C_LANGUAGE_STANDARD = gnu17;
				GCC_DYNAMIC_NO_PIC = NO;
				GCC_NO_COMMON_BLOCKS = YES;
				GCC_OPTIMIZATION_LEVEL = 0;
				GCC_PREPROCESSOR_DEFINITIONS = (
					"DEBUG=1",
					"$(inherited)",
				);
				GCC_WARN_64_TO_32_BIT_CONVERSION = YES;
				GCC_WARN_ABOUT_RETURN_TYPE = YES_ERROR;
				GCC_WARN_UNDECLARED_SELECTOR = YES;
				GCC_WARN_UNINITIALIZED_AUTOS = YES_AGGRESSIVE;
				GCC_WARN_UNUSED_FUNCTION = YES;
				GCC_WARN_UNUSED_VARIABLE = YES;
				LOCALIZATION_PREFERS_STRING_CATALOGS = YES;
				MACOSX_DEPLOYMENT_TARGET = 14.4;
				MTL_ENABLE_DEBUG_INFO = INCLUDE_SOURCE;
				MTL_FAST_MATH = YES;
				ONLY_ACTIVE_ARCH = YES;
				SDKROOT = macosx;
			};
			name = Debug;
		};
		F2DBE0F42C616934003BC775 /* Release */ = {
			isa = XCBuildConfiguration;
			buildSettings = {
				ALWAYS_SEARCH_USER_PATHS = NO;
				ASSETCATALOG_COMPILER_GENERATE_SWIFT_ASSET_SYMBOL_EXTENSIONS = YES;
				CLANG_ANALYZER_NONNULL = YES;
				CLANG_ANALYZER_NUMBER_OBJECT_CONVERSION = YES_AGGRESSIVE;
				CLANG_CXX_LANGUAGE_STANDARD = "gnu++20";
				CLANG_ENABLE_MODULES = YES;
				CLANG_ENABLE_OBJC_ARC = YES;
				CLANG_ENABLE_OBJC_WEAK = YES;
				CLANG_WARN_BLOCK_CAPTURE_AUTORELEASING = YES;
				CLANG_WARN_BOOL_CONVERSION = YES;
				CLANG_WARN_COMMA = YES;
				CLANG_WARN_CONSTANT_CONVERSION = YES;
				CLANG_WARN_DEPRECATED_OBJC_IMPLEMENTATIONS = YES;
				CLANG_WARN_DIRECT_OBJC_ISA_USAGE = YES_ERROR;
				CLANG_WARN_DOCUMENTATION_COMMENTS = YES;
				CLANG_WARN_EMPTY_BODY = YES;
				CLANG_WARN_ENUM_CONVERSION = YES;
				CLANG_WARN_INFINITE_RECURSION = YES;
				CLANG_WARN_INT_CONVERSION = YES;
				CLANG_WARN_NON_LITERAL_NULL_CONVERSION = YES;
				CLANG_WARN_OBJC_IMPLICIT_RETAIN_SELF = YES;
				CLANG_WARN_OBJC_LITERAL_CONVERSION = YES;
				CLANG_WARN_OBJC_ROOT_CLASS = YES_ERROR;
				CLANG_WARN_QUOTED_INCLUDE_IN_FRAMEWORK_HEADER = YES;
				CLANG_WARN_RANGE_LOOP_ANALYSIS = YES;
				CLANG_WARN_STRICT_PROTOTYPES = YES;
				CLANG_WARN_SUSPICIOUS_MOVE = YES;
				CLANG_WARN_UNGUARDED_AVAILABILITY = YES_AGGRESSIVE;
				CLANG_WARN_UNREACHABLE_CODE = YES;
				CLANG_WARN__DUPLICATE_METHOD_MATCH = YES;
				COPY_PHASE_STRIP = NO;
				DEBUG_INFORMATION_FORMAT = "dwarf-with-dsym";
				ENABLE_NS_ASSERTIONS = NO;
				ENABLE_STRICT_OBJC_MSGSEND = YES;
				ENABLE_USER_SCRIPT_SANDBOXING = YES;
				GCC_C_LANGUAGE_STANDARD = gnu17;
				GCC_NO_COMMON_BLOCKS = YES;
				GCC_WARN_64_TO_32_BIT_CONVERSION = YES;
				GCC_WARN_ABOUT_RETURN_TYPE = YES_ERROR;
				GCC_WARN_UNDECLARED_SELECTOR = YES;
				GCC_WARN_UNINITIALIZED_AUTOS = YES_AGGRESSIVE;
				GCC_WARN_UNUSED_FUNCTION = YES;
				GCC_WARN_UNUSED_VARIABLE = YES;
				LOCALIZATION_PREFERS_STRING_CATALOGS = YES;
				MACOSX_DEPLOYMENT_TARGET = 14.4;
				MTL_ENABLE_DEBUG_INFO = NO;
				MTL_FAST_MATH = YES;
				SDKROOT = macosx;
			};
			name = Release;
		};
		F2DBE0F62C616934003BC775 /* Debug */ = {
			isa = XCBuildConfiguration;
			buildSettings = {
				CODE_SIGN_STYLE = Automatic;
				DEVELOPMENT_TEAM = 9F8B38PH9J;
				ENABLE_HARDENED_RUNTIME = YES;
				OTHER_LDFLAGS = "-v";
				PRODUCT_NAME = "$(TARGET_NAME)";
			};
			name = Debug;
		};
		F2DBE0F72C616934003BC775 /* Release */ = {
			isa = XCBuildConfiguration;
			buildSettings = {
				CODE_SIGN_STYLE = Automatic;
				DEVELOPMENT_TEAM = 9F8B38PH9J;
				ENABLE_HARDENED_RUNTIME = YES;
				OTHER_LDFLAGS = "-v";
				PRODUCT_NAME = "$(TARGET_NAME)";
			};
			name = Release;
		};
/* End XCBuildConfiguration section */

/* Begin XCConfigurationList section */
		F2DBE0E92C616934003BC775 /* Build configuration list for PBXProject "GrainMotherXcode" */ = {
			isa = XCConfigurationList;
			buildConfigurations = (
				F2DBE0F32C616934003BC775 /* Debug */,
				F2DBE0F42C616934003BC775 /* Release */,
			);
			defaultConfigurationIsVisible = 0;
			defaultConfigurationName = Release;
		};
		F2DBE0F52C616934003BC775 /* Build configuration list for PBXNativeTarget "GrainMotherXcode" */ = {
			isa = XCConfigurationList;
			buildConfigurations = (
				F2DBE0F62C616934003BC775 /* Debug */,
				F2DBE0F72C616934003BC775 /* Release */,
			);
			defaultConfigurationIsVisible = 0;
			defaultConfigurationName = Release;
		};
/* End XCConfigurationList section */
	};
	rootObject = F2DBE0E62C616934003BC775 /* Project object */;
}
